// !$*UTF8*$!
{
	archiveVersion = 1;
	classes = {
	};
	objectVersion = 77;
	objects = {

/* Begin PBXContainerItemProxy section */
		550C05F92F2FB22E000CFB44 /* PBXContainerItemProxy */ = {
			isa = PBXContainerItemProxy;
			containerPortal = 550C05DF2F2FB22C000CFB44 /* Project object */;
			proxyType = 1;
			remoteGlobalIDString = 550C05E62F2FB22C000CFB44;
			remoteInfo = GrokTV;
		};
		550C06032F2FB22E000CFB44 /* PBXContainerItemProxy */ = {
			isa = PBXContainerItemProxy;
			containerPortal = 550C05DF2F2FB22C000CFB44 /* Project object */;
			proxyType = 1;
			remoteGlobalIDString = 550C05E62F2FB22C000CFB44;
			remoteInfo = GrokTV;
		};
/* End PBXContainerItemProxy section */

/* Begin PBXFileReference section */
		550C05E72F2FB22C000CFB44 /* GrokTV.app */ = {isa = PBXFileReference; explicitFileType = wrapper.application; includeInIndex = 0; path = GrokTV.app; sourceTree = BUILT_PRODUCTS_DIR; };
		550C05F82F2FB22E000CFB44 /* GrokTVTests.xctest */ = {isa = PBXFileReference; explicitFileType = wrapper.cfbundle; includeInIndex = 0; path = GrokTVTests.xctest; sourceTree = BUILT_PRODUCTS_DIR; };
		550C06022F2FB22E000CFB44 /* GrokTVUITests.xctest */ = {isa = PBXFileReference; explicitFileType = wrapper.cfbundle; includeInIndex = 0; path = GrokTVUITests.xctest; sourceTree = BUILT_PRODUCTS_DIR; };
/* End PBXFileReference section */

/* Begin PBXFileSystemSynchronizedBuildFileExceptionSet section */
		550C060A2F2FB22E000CFB44 /* Exceptions for "GrokTV" folder in "GrokTV" target */ = {
			isa = PBXFileSystemSynchronizedBuildFileExceptionSet;
			membershipExceptions = (
				Info.plist,
			);
			target = 550C05E62F2FB22C000CFB44 /* GrokTV */;
		};
/* End PBXFileSystemSynchronizedBuildFileExceptionSet section */

/* Begin PBXFileSystemSynchronizedRootGroup section */
		550C05E92F2FB22C000CFB44 /* GrokTV */ = {
			isa = PBXFileSystemSynchronizedRootGroup;
			exceptions = (
				550C060A2F2FB22E000CFB44 /* Exceptions for "GrokTV" folder in "GrokTV" target */,
			);
			path = GrokTV;
			sourceTree = "<group>";
		};
		550C05FB2F2FB22E000CFB44 /* GrokTVTests */ = {
			isa = PBXFileSystemSynchronizedRootGroup;
			path = GrokTVTests;
			sourceTree = "<group>";
		};
		550C06052F2FB22E000CFB44 /* GrokTVUITests */ = {
			isa = PBXFileSystemSynchronizedRootGroup;
			path = GrokTVUITests;
			sourceTree = "<group>";
		};
/* End PBXFileSystemSynchronizedRootGroup section */

/* Begin PBXFrameworksBuildPhase section */
		550C05E42F2FB22C000CFB44 /* Frameworks */ = {
			isa = PBXFrameworksBuildPhase;
			buildActionMask = 2147483647;
			files = (
			);
			runOnlyForDeploymentPostprocessing = 0;
		};
		550C05F52F2FB22E000CFB44 /* Frameworks */ = {
			isa = PBXFrameworksBuildPhase;
			buildActionMask = 2147483647;
			files = (
			);
			runOnlyForDeploymentPostprocessing = 0;
		};
		550C05FF2F2FB22E000CFB44 /* Frameworks */ = {
			isa = PBXFrameworksBuildPhase;
			buildActionMask = 2147483647;
			files = (
			);
			runOnlyForDeploymentPostprocessing = 0;
		};
/* End PBXFrameworksBuildPhase section */

/* Begin PBXGroup section */
		550C05DE2F2FB22C000CFB44 = {
			isa = PBXGroup;
			children = (
				550C05E92F2FB22C000CFB44 /* GrokTV */,
				550C05FB2F2FB22E000CFB44 /* GrokTVTests */,
				550C06052F2FB22E000CFB44 /* GrokTVUITests */,
				550C05E82F2FB22C000CFB44 /* Products */,
			);
			sourceTree = "<group>";
		};
		550C05E82F2FB22C000CFB44 /* Products */ = {
			isa = PBXGroup;
			children = (
				550C05E72F2FB22C000CFB44 /* GrokTV.app */,
				550C05F82F2FB22E000CFB44 /* GrokTVTests.xctest */,
				550C06022F2FB22E000CFB44 /* GrokTVUITests.xctest */,
			);
			name = Products;
			sourceTree = "<group>";
		};
/* End PBXGroup section */

/* Begin PBXNativeTarget section */
		550C05E62F2FB22C000CFB44 /* GrokTV */ = {
			isa = PBXNativeTarget;
			buildConfigurationList = 550C060B2F2FB22E000CFB44 /* Build configuration list for PBXNativeTarget "GrokTV" */;
			buildPhases = (
				550C05E32F2FB22C000CFB44 /* Sources */,
				550C05E42F2FB22C000CFB44 /* Frameworks */,
				550C05E52F2FB22C000CFB44 /* Resources */,
			);
			buildRules = (
			);
			dependencies = (
			);
			fileSystemSynchronizedGroups = (
				550C05E92F2FB22C000CFB44 /* GrokTV */,
			);
			name = GrokTV;
			packageProductDependencies = (
			);
			productName = GrokTV;
			productReference = 550C05E72F2FB22C000CFB44 /* GrokTV.app */;
			productType = "com.apple.product-type.application";
		};
		550C05F72F2FB22E000CFB44 /* GrokTVTests */ = {
			isa = PBXNativeTarget;
			buildConfigurationList = 550C06102F2FB22E000CFB44 /* Build configuration list for PBXNativeTarget "GrokTVTests" */;
			buildPhases = (
				550C05F42F2FB22E000CFB44 /* Sources */,
				550C05F52F2FB22E000CFB44 /* Frameworks */,
				550C05F62F2FB22E000CFB44 /* Resources */,
			);
			buildRules = (
			);
			dependencies = (
				550C05FA2F2FB22E000CFB44 /* PBXTargetDependency */,
			);
			fileSystemSynchronizedGroups = (
				550C05FB2F2FB22E000CFB44 /* GrokTVTests */,
			);
			name = GrokTVTests;
			packageProductDependencies = (
			);
			productName = GrokTVTests;
			productReference = 550C05F82F2FB22E000CFB44 /* GrokTVTests.xctest */;
			productType = "com.apple.product-type.bundle.unit-test";
		};
		550C06012F2FB22E000CFB44 /* GrokTVUITests */ = {
			isa = PBXNativeTarget;
			buildConfigurationList = 550C06132F2FB22E000CFB44 /* Build configuration list for PBXNativeTarget "GrokTVUITests" */;
			buildPhases = (
				550C05FE2F2FB22E000CFB44 /* Sources */,
				550C05FF2F2FB22E000CFB44 /* Frameworks */,
				550C06002F2FB22E000CFB44 /* Resources */,
			);
			buildRules = (
			);
			dependencies = (
				550C06042F2FB22E000CFB44 /* PBXTargetDependency */,
			);
			fileSystemSynchronizedGroups = (
				550C06052F2FB22E000CFB44 /* GrokTVUITests */,
			);
			name = GrokTVUITests;
			packageProductDependencies = (
			);
			productName = GrokTVUITests;
			productReference = 550C06022F2FB22E000CFB44 /* GrokTVUITests.xctest */;
			productType = "com.apple.product-type.bundle.ui-testing";
		};
/* End PBXNativeTarget section */

/* Begin PBXProject section */
		550C05DF2F2FB22C000CFB44 /* Project object */ = {
			isa = PBXProject;
			attributes = {
				BuildIndependentTargetsInParallel = 1;
				LastSwiftUpdateCheck = 2620;
				LastUpgradeCheck = 2620;
				TargetAttributes = {
					550C05E62F2FB22C000CFB44 = {
						CreatedOnToolsVersion = 26.2;
					};
					550C05F72F2FB22E000CFB44 = {
						CreatedOnToolsVersion = 26.2;
						TestTargetID = 550C05E62F2FB22C000CFB44;
					};
					550C06012F2FB22E000CFB44 = {
						CreatedOnToolsVersion = 26.2;
						TestTargetID = 550C05E62F2FB22C000CFB44;
					};
				};
			};
			buildConfigurationList = 550C05E22F2FB22C000CFB44 /* Build configuration list for PBXProject "GrokTV" */;
			developmentRegion = en;
			hasScannedForEncodings = 0;
			knownRegions = (
				en,
				Base,
			);
			mainGroup = 550C05DE2F2FB22C000CFB44;
			minimizedProjectReferenceProxies = 1;
			preferredProjectObjectVersion = 77;
			productRefGroup = 550C05E82F2FB22C000CFB44 /* Products */;
			projectDirPath = "";
			projectRoot = "";
			targets = (
				550C05E62F2FB22C000CFB44 /* GrokTV */,
				550C05F72F2FB22E000CFB44 /* GrokTVTests */,
				550C06012F2FB22E000CFB44 /* GrokTVUITests */,
			);
		};
/* End PBXProject section */

/* Begin PBXResourcesBuildPhase section */
		550C05E52F2FB22C000CFB44 /* Resources */ = {
			isa = PBXResourcesBuildPhase;
			buildActionMask = 2147483647;
			files = (
			);
			runOnlyForDeploymentPostprocessing = 0;
		};
		550C05F62F2FB22E000CFB44 /* Resources */ = {
			isa = PBXResourcesBuildPhase;
			buildActionMask = 2147483647;
			files = (
			);
			runOnlyForDeploymentPostprocessing = 0;
		};
		550C06002F2FB22E000CFB44 /* Resources */ = {
			isa = PBXResourcesBuildPhase;
			buildActionMask = 2147483647;
			files = (
			);
			runOnlyForDeploymentPostprocessing = 0;
		};
/* End PBXResourcesBuildPhase section */

/* Begin PBXSourcesBuildPhase section */
		550C05E32F2FB22C000CFB44 /* Sources */ = {
			isa = PBXSourcesBuildPhase;
			buildActionMask = 2147483647;
			files = (
			);
			runOnlyForDeploymentPostprocessing = 0;
		};
		550C05F42F2FB22E000CFB44 /* Sources */ = {
			isa = PBXSourcesBuildPhase;
			buildActionMask = 2147483647;
			files = (
			);
			runOnlyForDeploymentPostprocessing = 0;
		};
		550C05FE2F2FB22E000CFB44 /* Sources */ = {
			isa = PBXSourcesBuildPhase;
			buildActionMask = 2147483647;
			files = (
			);
			runOnlyForDeploymentPostprocessing = 0;
		};
/* End PBXSourcesBuildPhase section */

/* Begin PBXTargetDependency section */
		550C05FA2F2FB22E000CFB44 /* PBXTargetDependency */ = {
			isa = PBXTargetDependency;
			target = 550C05E62F2FB22C000CFB44 /* GrokTV */;
			targetProxy = 550C05F92F2FB22E000CFB44 /* PBXContainerItemProxy */;
		};
		550C06042F2FB22E000CFB44 /* PBXTargetDependency */ = {
			isa = PBXTargetDependency;
			target = 550C05E62F2FB22C000CFB44 /* GrokTV */;
			targetProxy = 550C06032F2FB22E000CFB44 /* PBXContainerItemProxy */;
		};
/* End PBXTargetDependency section */

/* Begin XCBuildConfiguration section */
		550C060C2F2FB22E000CFB44 /* Debug */ = {
			isa = XCBuildConfiguration;
			buildSettings = {
				ASSETCATALOG_COMPILER_APPICON_NAME = "App Icon & Top Shelf Image";
				ASSETCATALOG_COMPILER_GLOBAL_ACCENT_COLOR_NAME = AccentColor;
				CODE_SIGN_STYLE = Automatic;
				CURRENT_PROJECT_VERSION = 1;
				DEVELOPMENT_TEAM = A45694H5ZG;
				ENABLE_APP_SANDBOX = YES;
				ENABLE_PREVIEWS = YES;
				ENABLE_USER_SELECTED_FILES = readonly;
				GENERATE_INFOPLIST_FILE = YES;
				INFOPLIST_FILE = GrokTV/Info.plist;
				INFOPLIST_KEY_UILaunchScreen_Generation = YES;
				INFOPLIST_KEY_UIUserInterfaceStyle = Automatic;
				LD_RUNPATH_SEARCH_PATHS = (
					"$(inherited)",
					"@executable_path/Frameworks",
				);
				MARKETING_VERSION = 1.0;
				PRODUCT_BUNDLE_IDENTIFIER = com.zincoverde.GrokTV;
				PRODUCT_NAME = "$(TARGET_NAME)";
				STRING_CATALOG_GENERATE_SYMBOLS = YES;
				SWIFT_APPROACHABLE_CONCURRENCY = YES;
				SWIFT_DEFAULT_ACTOR_ISOLATION = MainActor;
				SWIFT_EMIT_LOC_STRINGS = YES;
				SWIFT_UPCOMING_FEATURE_MEMBER_IMPORT_VISIBILITY = YES;
				SWIFT_VERSION = 5.0;
				TARGETED_DEVICE_FAMILY = 3;
			};
			name = Debug;
		};
		550C060D2F2FB22E000CFB44 /* Release */ = {
			isa = XCBuildConfiguration;
			buildSettings = {
				ASSETCATALOG_COMPILER_APPICON_NAME = "App Icon & Top Shelf Image";
				ASSETCATALOG_COMPILER_GLOBAL_ACCENT_COLOR_NAME = AccentColor;
				CODE_SIGN_STYLE = Automatic;
				CURRENT_PROJECT_VERSION = 1;
				DEVELOPMENT_TEAM = A45694H5ZG;
				ENABLE_APP_SANDBOX = YES;
				ENABLE_PREVIEWS = YES;
				ENABLE_USER_SELECTED_FILES = readonly;
				GENERATE_INFOPLIST_FILE = YES;
				INFOPLIST_FILE = GrokTV/Info.plist;
				INFOPLIST_KEY_UILaunchScreen_Generation = YES;
				INFOPLIST_KEY_UIUserInterfaceStyle = Automatic;
				LD_RUNPATH_SEARCH_PATHS = (
					"$(inherited)",
					"@executable_path/Frameworks",
				);
				MARKETING_VERSION = 1.0;
				PRODUCT_BUNDLE_IDENTIFIER = com.zincoverde.GrokTV;
				PRODUCT_NAME = "$(TARGET_NAME)";
				STRING_CATALOG_GENERATE_SYMBOLS = YES;
				SWIFT_APPROACHABLE_CONCURRENCY = YES;
				SWIFT_DEFAULT_ACTOR_ISOLATION = MainActor;
				SWIFT_EMIT_LOC_STRINGS = YES;
				SWIFT_UPCOMING_FEATURE_MEMBER_IMPORT_VISIBILITY = YES;
				SWIFT_VERSION = 5.0;
				TARGETED_DEVICE_FAMILY = 3;
			};
			name = Release;
		};
		550C060E2F2FB22E000CFB44 /* Debug */ = {
			isa = XCBuildConfiguration;
			buildSettings = {
				ALWAYS_SEARCH_USER_PATHS = NO;
				ASSETCATALOG_COMPILER_GENERATE_SWIFT_ASSET_SYMBOL_EXTENSIONS = YES;
				CLANG_ANALYZER_NONNULL = YES;
				CLANG_ANALYZER_NUMBER_OBJECT_CONVERSION = YES_AGGRESSIVE;
				CLANG_CXX_LANGUAGE_STANDARD = "gnu++20";
				CLANG_ENABLE_MODULES = YES;
				CLANG_ENABLE_OBJC_ARC = YES;
				CLANG_ENABLE_OBJC_WEAK = YES;
				CLANG_WARN_BLOCK_CAPTURE_AUTORELEASING = YES;
				CLANG_WARN_BOOL_CONVERSION = YES;
				CLANG_WARN_COMMA = YES;
				CLANG_WARN_CONSTANT_CONVERSION = YES;
				CLANG_WARN_DEPRECATED_OBJC_IMPLEMENTATIONS = YES;
				CLANG_WARN_DIRECT_OBJC_ISA_USAGE = YES_ERROR;
				CLANG_WARN_DOCUMENTATION_COMMENTS = YES;
				CLANG_WARN_EMPTY_BODY = YES;
				CLANG_WARN_ENUM_CONVERSION = YES;
				CLANG_WARN_INFINITE_RECURSION = YES;
				CLANG_WARN_INT_CONVERSION = YES;
				CLANG_WARN_NON_LITERAL_NULL_CONVERSION = YES;
				CLANG_WARN_OBJC_IMPLICIT_RETAIN_SELF = YES;
				CLANG_WARN_OBJC_LITERAL_CONVERSION = YES;
				CLANG_WARN_OBJC_ROOT_CLASS = YES_ERROR;
				CLANG_WARN_QUOTED_INCLUDE_IN_FRAMEWORK_HEADER = YES;
				CLANG_WARN_RANGE_LOOP_ANALYSIS = YES;
				CLANG_WARN_STRICT_PROTOTYPES = YES;
				CLANG_WARN_SUSPICIOUS_MOVE = YES;
				CLANG_WARN_UNGUARDED_AVAILABILITY = YES_AGGRESSIVE;
				CLANG_WARN_UNREACHABLE_CODE = YES;
				CLANG_WARN__DUPLICATE_METHOD_MATCH = YES;
				COPY_PHASE_STRIP = NO;
				DEBUG_INFORMATION_FORMAT = dwarf;
				DEVELOPMENT_TEAM = A45694H5ZG;
				ENABLE_STRICT_OBJC_MSGSEND = YES;
				ENABLE_TESTABILITY = YES;
				ENABLE_USER_SCRIPT_SANDBOXING = YES;
				GCC_C_LANGUAGE_STANDARD = gnu17;
				GCC_DYNAMIC_NO_PIC = NO;
				GCC_NO_COMMON_BLOCKS = YES;
				GCC_OPTIMIZATION_LEVEL = 0;
				GCC_PREPROCESSOR_DEFINITIONS = (
					"DEBUG=1",
					"$(inherited)",
				);
				GCC_WARN_64_TO_32_BIT_CONVERSION = YES;
				GCC_WARN_ABOUT_RETURN_TYPE = YES_ERROR;
				GCC_WARN_UNDECLARED_SELECTOR = YES;
				GCC_WARN_UNINITIALIZED_AUTOS = YES_AGGRESSIVE;
				GCC_WARN_UNUSED_FUNCTION = YES;
				GCC_WARN_UNUSED_VARIABLE = YES;
				LOCALIZATION_PREFERS_STRING_CATALOGS = YES;
				MTL_ENABLE_DEBUG_INFO = INCLUDE_SOURCE;
				MTL_FAST_MATH = YES;
				ONLY_ACTIVE_ARCH = YES;
				SDKROOT = appletvos;
				SWIFT_ACTIVE_COMPILATION_CONDITIONS = "DEBUG $(inherited)";
				SWIFT_OPTIMIZATION_LEVEL = "-Onone";
				TVOS_DEPLOYMENT_TARGET = 26.2;
			};
			name = Debug;
		};
		550C060F2F2FB22E000CFB44 /* Release */ = {
			isa = XCBuildConfiguration;
			buildSettings = {
				ALWAYS_SEARCH_USER_PATHS = NO;
				ASSETCATALOG_COMPILER_GENERATE_SWIFT_ASSET_SYMBOL_EXTENSIONS = YES;
				CLANG_ANALYZER_NONNULL = YES;
				CLANG_ANALYZER_NUMBER_OBJECT_CONVERSION = YES_AGGRESSIVE;
				CLANG_CXX_LANGUAGE_STANDARD = "gnu++20";
				CLANG_ENABLE_MODULES = YES;
				CLANG_ENABLE_OBJC_ARC = YES;
				CLANG_ENABLE_OBJC_WEAK = YES;
				CLANG_WARN_BLOCK_CAPTURE_AUTORELEASING = YES;
				CLANG_WARN_BOOL_CONVERSION = YES;
				CLANG_WARN_COMMA = YES;
				CLANG_WARN_CONSTANT_CONVERSION = YES;
				CLANG_WARN_DEPRECATED_OBJC_IMPLEMENTATIONS = YES;
				CLANG_WARN_DIRECT_OBJC_ISA_USAGE = YES_ERROR;
				CLANG_WARN_DOCUMENTATION_COMMENTS = YES;
				CLANG_WARN_EMPTY_BODY = YES;
				CLANG_WARN_ENUM_CONVERSION = YES;
				CLANG_WARN_INFINITE_RECURSION = YES;
				CLANG_WARN_INT_CONVERSION = YES;
				CLANG_WARN_NON_LITERAL_NULL_CONVERSION = YES;
				CLANG_WARN_OBJC_IMPLICIT_RETAIN_SELF = YES;
				CLANG_WARN_OBJC_LITERAL_CONVERSION = YES;
				CLANG_WARN_OBJC_ROOT_CLASS = YES_ERROR;
				CLANG_WARN_QUOTED_INCLUDE_IN_FRAMEWORK_HEADER = YES;
				CLANG_WARN_RANGE_LOOP_ANALYSIS = YES;
				CLANG_WARN_STRICT_PROTOTYPES = YES;
				CLANG_WARN_SUSPICIOUS_MOVE = YES;
				CLANG_WARN_UNGUARDED_AVAILABILITY = YES_AGGRESSIVE;
				CLANG_WARN_UNREACHABLE_CODE = YES;
				CLANG_WARN__DUPLICATE_METHOD_MATCH = YES;
				COPY_PHASE_STRIP = NO;
				DEBUG_INFORMATION_FORMAT = "dwarf-with-dsym";
				DEVELOPMENT_TEAM = A45694H5ZG;
				ENABLE_NS_ASSERTIONS = NO;
				ENABLE_STRICT_OBJC_MSGSEND = YES;
				ENABLE_USER_SCRIPT_SANDBOXING = YES;
				GCC_C_LANGUAGE_STANDARD = gnu17;
				GCC_NO_COMMON_BLOCKS = YES;
				GCC_WARN_64_TO_32_BIT_CONVERSION = YES;
				GCC_WARN_ABOUT_RETURN_TYPE = YES_ERROR;
				GCC_WARN_UNDECLARED_SELECTOR = YES;
				GCC_WARN_UNINITIALIZED_AUTOS = YES_AGGRESSIVE;
				GCC_WARN_UNUSED_FUNCTION = YES;
				GCC_WARN_UNUSED_VARIABLE = YES;
				LOCALIZATION_PREFERS_STRING_CATALOGS = YES;
				MTL_ENABLE_DEBUG_INFO = NO;
				MTL_FAST_MATH = YES;
				SDKROOT = appletvos;
				SWIFT_COMPILATION_MODE = wholemodule;
				TVOS_DEPLOYMENT_TARGET = 26.2;
				VALIDATE_PRODUCT = YES;
			};
			name = Release;
		};
		550C06112F2FB22E000CFB44 /* Debug */ = {
			isa = XCBuildConfiguration;
			buildSettings = {
				BUNDLE_LOADER = "$(TEST_HOST)";
				CODE_SIGN_STYLE = Automatic;
				CURRENT_PROJECT_VERSION = 1;
				DEVELOPMENT_TEAM = A45694H5ZG;
				GENERATE_INFOPLIST_FILE = YES;
				MARKETING_VERSION = 1.0;
				PRODUCT_BUNDLE_IDENTIFIER = com.zincoverde.GrokTVTests;
				PRODUCT_NAME = "$(TARGET_NAME)";
				STRING_CATALOG_GENERATE_SYMBOLS = NO;
				SWIFT_APPROACHABLE_CONCURRENCY = YES;
				SWIFT_EMIT_LOC_STRINGS = NO;
				SWIFT_UPCOMING_FEATURE_MEMBER_IMPORT_VISIBILITY = YES;
				SWIFT_VERSION = 5.0;
				TARGETED_DEVICE_FAMILY = 3;
				TEST_HOST = "$(BUILT_PRODUCTS_DIR)/GrokTV.app/$(BUNDLE_EXECUTABLE_FOLDER_PATH)/GrokTV";
				TVOS_DEPLOYMENT_TARGET = 26.2;
			};
			name = Debug;
		};
		550C06122F2FB22E000CFB44 /* Release */ = {
			isa = XCBuildConfiguration;
			buildSettings = {
				BUNDLE_LOADER = "$(TEST_HOST)";
				CODE_SIGN_STYLE = Automatic;
				CURRENT_PROJECT_VERSION = 1;
				DEVELOPMENT_TEAM = A45694H5ZG;
				GENERATE_INFOPLIST_FILE = YES;
				MARKETING_VERSION = 1.0;
				PRODUCT_BUNDLE_IDENTIFIER = com.zincoverde.GrokTVTests;
				PRODUCT_NAME = "$(TARGET_NAME)";
				STRING_CATALOG_GENERATE_SYMBOLS = NO;
				SWIFT_APPROACHABLE_CONCURRENCY = YES;
				SWIFT_EMIT_LOC_STRINGS = NO;
				SWIFT_UPCOMING_FEATURE_MEMBER_IMPORT_VISIBILITY = YES;
				SWIFT_VERSION = 5.0;
				TARGETED_DEVICE_FAMILY = 3;
				TEST_HOST = "$(BUILT_PRODUCTS_DIR)/GrokTV.app/$(BUNDLE_EXECUTABLE_FOLDER_PATH)/GrokTV";
				TVOS_DEPLOYMENT_TARGET = 26.2;
			};
			name = Release;
		};
		550C06142F2FB22E000CFB44 /* Debug */ = {
			isa = XCBuildConfiguration;
			buildSettings = {
				CODE_SIGN_STYLE = Automatic;
				CURRENT_PROJECT_VERSION = 1;
				DEVELOPMENT_TEAM = A45694H5ZG;
				GENERATE_INFOPLIST_FILE = YES;
				MARKETING_VERSION = 1.0;
				PRODUCT_BUNDLE_IDENTIFIER = com.zincoverde.GrokTVUITests;
				PRODUCT_NAME = "$(TARGET_NAME)";
				STRING_CATALOG_GENERATE_SYMBOLS = NO;
				SWIFT_APPROACHABLE_CONCURRENCY = YES;
				SWIFT_EMIT_LOC_STRINGS = NO;
				SWIFT_UPCOMING_FEATURE_MEMBER_IMPORT_VISIBILITY = YES;
				SWIFT_VERSION = 5.0;
				TARGETED_DEVICE_FAMILY = 3;
				TEST_TARGET_NAME = GrokTV;
			};
			name = Debug;
		};
		550C06152F2FB22E000CFB44 /* Release */ = {
			isa = XCBuildConfiguration;
			buildSettings = {
				CODE_SIGN_STYLE = Automatic;
				CURRENT_PROJECT_VERSION = 1;
				DEVELOPMENT_TEAM = A45694H5ZG;
				GENERATE_INFOPLIST_FILE = YES;
				MARKETING_VERSION = 1.0;
				PRODUCT_BUNDLE_IDENTIFIER = com.zincoverde.GrokTVUITests;
				PRODUCT_NAME = "$(TARGET_NAME)";
				STRING_CATALOG_GENERATE_SYMBOLS = NO;
				SWIFT_APPROACHABLE_CONCURRENCY = YES;
				SWIFT_EMIT_LOC_STRINGS = NO;
				SWIFT_UPCOMING_FEATURE_MEMBER_IMPORT_VISIBILITY = YES;
				SWIFT_VERSION = 5.0;
				TARGETED_DEVICE_FAMILY = 3;
				TEST_TARGET_NAME = GrokTV;
			};
			name = Release;
		};
/* End XCBuildConfiguration section */

/* Begin XCConfigurationList section */
		550C05E22F2FB22C000CFB44 /* Build configuration list for PBXProject "GrokTV" */ = {
			isa = XCConfigurationList;
			buildConfigurations = (
				550C060E2F2FB22E000CFB44 /* Debug */,
				550C060F2F2FB22E000CFB44 /* Release */,
			);
			defaultConfigurationIsVisible = 0;
			defaultConfigurationName = Release;
		};
		550C060B2F2FB22E000CFB44 /* Build configuration list for PBXNativeTarget "GrokTV" */ = {
			isa = XCConfigurationList;
			buildConfigurations = (
				550C060C2F2FB22E000CFB44 /* Debug */,
				550C060D2F2FB22E000CFB44 /* Release */,
			);
			defaultConfigurationIsVisible = 0;
			defaultConfigurationName = Release;
		};
		550C06102F2FB22E000CFB44 /* Build configuration list for PBXNativeTarget "GrokTVTests" */ = {
			isa = XCConfigurationList;
			buildConfigurations = (
				550C06112F2FB22E000CFB44 /* Debug */,
				550C06122F2FB22E000CFB44 /* Release */,
			);
			defaultConfigurationIsVisible = 0;
			defaultConfigurationName = Release;
		};
		550C06132F2FB22E000CFB44 /* Build configuration list for PBXNativeTarget "GrokTVUITests" */ = {
			isa = XCConfigurationList;
			buildConfigurations = (
				550C06142F2FB22E000CFB44 /* Debug */,
				550C06152F2FB22E000CFB44 /* Release */,
			);
			defaultConfigurationIsVisible = 0;
			defaultConfigurationName = Release;
		};
/* End XCConfigurationList section */
	};
	rootObject = 550C05DF2F2FB22C000CFB44 /* Project object */;
}
